
Microsoft Visual Studio Solution File, Format Version 12.00
# Visual Studio 15
VisualStudioVersion = 15.0.27004.2006
MinimumVisualStudioVersion = 10.0.40219.1
Project("{A0786B88-2ADB-4C21-ABE8-AA2D79766269}") = "SystemCore", "..\SystemCore.phpproj", "{FE4D8503-9580-4A5A-9528-DDA63A4B2868}"
EndProject
Project("{A0786B88-2ADB-4C21-ABE8-AA2D79766269}") = "ModuloInventario", "..\..\inventario\ModuloInventario.phpproj", "{CBFC7951-3A42-46FB-A843-7C8108E2B546}"
EndProject
Project("{A0786B88-2ADB-4C21-ABE8-AA2D79766269}") = "ModuloClientes", "..\..\clientes\ModuloClientes.phpproj", "{7A12C49A-3670-4B7D-90A3-0AD78E4F744D}"
EndProject
Project("{A0786B88-2ADB-4C21-ABE8-AA2D79766269}") = "ModuloFacturacion", "..\..\facturacion\ModuloFacturacion.phpproj", "{FDF4DB82-8660-4FF0-AAA1-2F1329ADC982}"
EndProject
Project("{A0786B88-2ADB-4C21-ABE8-AA2D79766269}") = "ModuloCobros", "..\..\cobros\ModuloCobros.phpproj", "{9B807BBC-FBE9-4DF0-BFE1-82648FEB877C}"
EndProject
Project("{A0786B88-2ADB-4C21-ABE8-AA2D79766269}") = "UICore", "..\..\UI-Core\UICore.phpproj", "{99612441-7845-4732-9E9A-9831DA872782}"
EndProject
Project("{FAE04EC0-301F-11D3-BF4B-00C04F79EFBC}") = "ERPWebService", "..\..\ERPWebService\ERPWebService\ERPWebService.csproj", "{2ED8C488-6449-440D-9251-BF7AEEB78108}"
EndProject
Global
	GlobalSection(SolutionConfigurationPlatforms) = preSolution
		Debug|Any CPU = Debug|Any CPU
		Release|Any CPU = Release|Any CPU
	EndGlobalSection
	GlobalSection(ProjectConfigurationPlatforms) = postSolution
		{FE4D8503-9580-4A5A-9528-DDA63A4B2868}.Debug|Any CPU.ActiveCfg = Debug|Any CPU
		{FE4D8503-9580-4A5A-9528-DDA63A4B2868}.Release|Any CPU.ActiveCfg = Release|Any CPU
		{CBFC7951-3A42-46FB-A843-7C8108E2B546}.Debug|Any CPU.ActiveCfg = Debug|Any CPU
		{CBFC7951-3A42-46FB-A843-7C8108E2B546}.Release|Any CPU.ActiveCfg = Release|Any CPU
		{7A12C49A-3670-4B7D-90A3-0AD78E4F744D}.Debug|Any CPU.ActiveCfg = Debug|Any CPU
		{7A12C49A-3670-4B7D-90A3-0AD78E4F744D}.Release|Any CPU.ActiveCfg = Release|Any CPU
		{FDF4DB82-8660-4FF0-AAA1-2F1329ADC982}.Debug|Any CPU.ActiveCfg = Debug|Any CPU
		{FDF4DB82-8660-4FF0-AAA1-2F1329ADC982}.Release|Any CPU.ActiveCfg = Release|Any CPU
		{9B807BBC-FBE9-4DF0-BFE1-82648FEB877C}.Debug|Any CPU.ActiveCfg = Debug|Any CPU
		{9B807BBC-FBE9-4DF0-BFE1-82648FEB877C}.Release|Any CPU.ActiveCfg = Release|Any CPU
		{99612441-7845-4732-9E9A-9831DA872782}.Debug|Any CPU.ActiveCfg = Debug|Any CPU
		{99612441-7845-4732-9E9A-9831DA872782}.Release|Any CPU.ActiveCfg = Release|Any CPU
		{2ED8C488-6449-440D-9251-BF7AEEB78108}.Debug|Any CPU.ActiveCfg = Debug|Any CPU
		{2ED8C488-6449-440D-9251-BF7AEEB78108}.Debug|Any CPU.Build.0 = Debug|Any CPU
		{2ED8C488-6449-440D-9251-BF7AEEB78108}.Release|Any CPU.ActiveCfg = Release|Any CPU
		{2ED8C488-6449-440D-9251-BF7AEEB78108}.Release|Any CPU.Build.0 = Release|Any CPU
	EndGlobalSection
	GlobalSection(SolutionProperties) = preSolution
		HideSolutionNode = FALSE
	EndGlobalSection
	GlobalSection(ExtensibilityGlobals) = postSolution
		SolutionGuid = {D7936480-5E07-4EA8-B546-889BE10C8031}
	EndGlobalSection
EndGlobal
